
Microsoft Visual Studio Solution File, Format Version 12.00
# Visual Studio Version 17
VisualStudioVersion = 17.12.35527.113
MinimumVisualStudioVersion = 10.0.40219.1
Project("{2150E333-8FDC-42A3-9474-1A3956D46DE8}") = "Services", "Services", "{DCC2206B-EE4C-48F6-BD39-7CA43D7523C8}"
EndProject
Project("{2150E333-8FDC-42A3-9474-1A3956D46DE8}") = "Catalog", "Catalog", "{A655EB77-D96A-41C3-B92F-6F53BD4C7940}"
EndProject
Project("{FAE04EC0-301F-11D3-BF4B-00C04F79EFBC}") = "Catalog.Api", "Services\Catalog\Catalog.Api\Catalog.Api.csproj", "{407C9BB8-5EAD-45C7-B4CD-BD86461F5B94}"
EndProject
Project("{E53339B2-1760-4266-BCC7-CA923CBCF16C}") = "docker-compose", "docker-compose.dcproj", "{217D4879-184D-4925-BCEE-16EBD6A3436C}"
EndProject
Project("{2150E333-8FDC-42A3-9474-1A3956D46DE8}") = "Basket", "Basket", "{21893D06-BF79-402F-A4A4-485E1BAE028E}"
EndProject
Project("{FAE04EC0-301F-11D3-BF4B-00C04F79EFBC}") = "Basket.Api", "Services\Basket\Basket.Api\Basket.Api.csproj", "{E299AFA1-7E70-493E-89A2-F9BCA82542BB}"
EndProject
Global
	GlobalSection(SolutionConfigurationPlatforms) = preSolution
		Debug|Any CPU = Debug|Any CPU
		Release|Any CPU = Release|Any CPU
	EndGlobalSection
	GlobalSection(ProjectConfigurationPlatforms) = postSolution
		{407C9BB8-5EAD-45C7-B4CD-BD86461F5B94}.Debug|Any CPU.ActiveCfg = Debug|Any CPU
		{407C9BB8-5EAD-45C7-B4CD-BD86461F5B94}.Debug|Any CPU.Build.0 = Debug|Any CPU
		{407C9BB8-5EAD-45C7-B4CD-BD86461F5B94}.Release|Any CPU.ActiveCfg = Release|Any CPU
		{407C9BB8-5EAD-45C7-B4CD-BD86461F5B94}.Release|Any CPU.Build.0 = Release|Any CPU
		{217D4879-184D-4925-BCEE-16EBD6A3436C}.Debug|Any CPU.ActiveCfg = Debug|Any CPU
		{217D4879-184D-4925-BCEE-16EBD6A3436C}.Debug|Any CPU.Build.0 = Debug|Any CPU
		{217D4879-184D-4925-BCEE-16EBD6A3436C}.Release|Any CPU.ActiveCfg = Release|Any CPU
		{217D4879-184D-4925-BCEE-16EBD6A3436C}.Release|Any CPU.Build.0 = Release|Any CPU
		{E299AFA1-7E70-493E-89A2-F9BCA82542BB}.Debug|Any CPU.ActiveCfg = Debug|Any CPU
		{E299AFA1-7E70-493E-89A2-F9BCA82542BB}.Debug|Any CPU.Build.0 = Debug|Any CPU
		{E299AFA1-7E70-493E-89A2-F9BCA82542BB}.Release|Any CPU.ActiveCfg = Release|Any CPU
		{E299AFA1-7E70-493E-89A2-F9BCA82542BB}.Release|Any CPU.Build.0 = Release|Any CPU
	EndGlobalSection
	GlobalSection(SolutionProperties) = preSolution
		HideSolutionNode = FALSE
	EndGlobalSection
	GlobalSection(NestedProjects) = preSolution
		{A655EB77-D96A-41C3-B92F-6F53BD4C7940} = {DCC2206B-EE4C-48F6-BD39-7CA43D7523C8}
		{407C9BB8-5EAD-45C7-B4CD-BD86461F5B94} = {A655EB77-D96A-41C3-B92F-6F53BD4C7940}
		{217D4879-184D-4925-BCEE-16EBD6A3436C} = {DCC2206B-EE4C-48F6-BD39-7CA43D7523C8}
		{21893D06-BF79-402F-A4A4-485E1BAE028E} = {DCC2206B-EE4C-48F6-BD39-7CA43D7523C8}
		{E299AFA1-7E70-493E-89A2-F9BCA82542BB} = {21893D06-BF79-402F-A4A4-485E1BAE028E}
	EndGlobalSection
EndGlobal
